<?xml version="1.0" encoding="utf-8"?>
<Project ToolsVersion="4.0" xmlns="http://schemas.microsoft.com/developer/msbuild/2003">
  <ItemGroup>
    <Filter Include="Source">
      <UniqueIdentifier>{cdc4ecf2-0bfd-4568-aadd-3860eab0c614}</UniqueIdentifier>
    </Filter>
    <Filter Include="Headers">
      <UniqueIdentifier>{e371830d-c921-43a4-8103-02844b05c6ea}</UniqueIdentifier>
    </Filter>
    <Filter Include="Docs">
      <UniqueIdentifier>{212f1600-10d7-4715-9d71-12fa3d380a9a}</UniqueIdentifier>
    </Filter>
    <Filter Include="Source\Utils">
      <UniqueIdentifier>{2e964212-78c3-49d4-b525-33978b37e43e}</UniqueIdentifier>
    </Filter>
    <Filter Include="Headers\Utils">
      <UniqueIdentifier>{4d4561f6-0cfe-4180-84a5-1ccbfb0ec2e9}</UniqueIdentifier>
    </Filter>
    <Filter Include="Headers\Math">
      <UniqueIdentifier>{b82c0df8-9715-444c-a327-3ef10b72cc2a}</UniqueIdentifier>
    </Filter>
  </ItemGroup>
  <ItemGroup>
    <ClInclude Include="..\..\..\Headers\Atom.h">
      <Filter>Headers\Utils</Filter>
    </ClInclude>
    <ClInclude Include="..\..\..\Headers\GLWindow.h">
      <Filter>Headers\Utils</Filter>
    </ClInclude>
    <ClInclude Include="..\..\..\Headers\glxext.h">
      <Filter>Headers\Utils</Filter>
    </ClInclude>
    <ClInclude Include="..\..\..\Headers\wglext.h">
      <Filter>Headers\Utils</Filter>
    </ClInclude>
    <ClInclude Include="..\..\..\Headers\Timer.h">
      <Filter>Headers\Utils</Filter>
    </ClInclude>
    <ClInclude Include="..\..\..\Headers\Renderer.h">
      <Filter>Headers</Filter>
    </ClInclude>
    <ClInclude Include="..\..\..\Headers\KillerMath.h">
      <Filter>Headers\Math</Filter>
    </ClInclude>
    <ClInclude Include="..\..\..\Headers\Vector3.hpp">
      <Filter>Headers\Math</Filter>
    </ClInclude>
  </ItemGroup>
  <ItemGroup>
    <Text Include="..\..\..\Docs\Manual.txt">
      <Filter>Docs</Filter>
    </Text>
  </ItemGroup>
  <ItemGroup>
    <ClCompile Include="..\..\..\Source\GLWindow.cpp">
      <Filter>Source\Utils</Filter>
    </ClCompile>
    <ClCompile Include="..\..\..\Source\Timer.cpp">
      <Filter>Source\Utils</Filter>
    </ClCompile>
    <ClCompile Include="..\..\..\Source\Renderer.cpp">
      <Filter>Source</Filter>
    </ClCompile>
  </ItemGroup>
</Project>